
Microsoft Visual Studio Solution File, Format Version 12.00
# Visual Studio Version 17
VisualStudioVersion = 17.10.35027.167
MinimumVisualStudioVersion = 10.0.40219.1
Project("{9A19103F-16F7-4668-BE54-9A1E7A4F7556}") = "SignalRServiceHub", "SignalRServiceHub.csproj", "{A97A835B-617E-417D-A722-B9143501EA94}"
EndProject
Global
	GlobalSection(SolutionConfigurationPlatforms) = preSolution
		Debug|Any CPU = Debug|Any CPU
		Release|Any CPU = Release|Any CPU
	EndGlobalSection
	GlobalSection(ProjectConfigurationPlatforms) = postSolution
		{A97A835B-617E-417D-A722-B9143501EA94}.Debug|Any CPU.ActiveCfg = Debug|Any CPU
		{A97A835B-617E-417D-A722-B9143501EA94}.Debug|Any CPU.Build.0 = Debug|Any CPU
		{A97A835B-617E-417D-A722-B9143501EA94}.Release|Any CPU.ActiveCfg = Release|Any CPU
		{A97A835B-617E-417D-A722-B9143501EA94}.Release|Any CPU.Build.0 = Release|Any CPU
	EndGlobalSection
	GlobalSection(SolutionProperties) = preSolution
		HideSolutionNode = FALSE
	EndGlobalSection
	GlobalSection(ExtensibilityGlobals) = postSolution
		SolutionGuid = {12A49DDF-729E-423C-B63C-52DDD317C070}
	EndGlobalSection
EndGlobal
